
Microsoft Visual Studio Solution File, Format Version 12.00
# Visual Studio 14
VisualStudioVersion = 14.0.23107.0
MinimumVisualStudioVersion = 10.0.40219.1
Project("{CAA73BB0-EF22-4D79-A57E-DF67B3BA9C80}") = "AddChildItemRule.Master", "AddChildItemRule.Master\AddChildItemRule.Master.scproj", "{D547D6B6-4C44-4B9F-8D13-92940F03608B}"
EndProject
Project("{FAE04EC0-301F-11D3-BF4B-00C04F79EFBC}") = "AddChildItemRule.Sc.Rules", "AddChildItemRule.Sc.Rules\AddChildItemRule.Sc.Rules.csproj", "{AAF16863-75D9-414B-A155-9268B77E7D8D}"
EndProject
Project("{FAE04EC0-301F-11D3-BF4B-00C04F79EFBC}") = "AddChildItemRule.Web", "AddChildItemRule.Web\AddChildItemRule.Web.csproj", "{267347F2-2BB5-4B50-A330-825A22FECE14}"
EndProject
Global
	GlobalSection(SolutionConfigurationPlatforms) = preSolution
		Debug|Any CPU = Debug|Any CPU
		Release|Any CPU = Release|Any CPU
	EndGlobalSection
	GlobalSection(ProjectConfigurationPlatforms) = postSolution
		{D547D6B6-4C44-4B9F-8D13-92940F03608B}.Debug|Any CPU.ActiveCfg = Debug|Any CPU
		{D547D6B6-4C44-4B9F-8D13-92940F03608B}.Debug|Any CPU.Build.0 = Debug|Any CPU
		{D547D6B6-4C44-4B9F-8D13-92940F03608B}.Debug|Any CPU.Deploy.0 = Debug|Any CPU
		{D547D6B6-4C44-4B9F-8D13-92940F03608B}.Release|Any CPU.ActiveCfg = Release|Any CPU
		{D547D6B6-4C44-4B9F-8D13-92940F03608B}.Release|Any CPU.Build.0 = Release|Any CPU
		{D547D6B6-4C44-4B9F-8D13-92940F03608B}.Release|Any CPU.Deploy.0 = Release|Any CPU
		{AAF16863-75D9-414B-A155-9268B77E7D8D}.Debug|Any CPU.ActiveCfg = Debug|Any CPU
		{AAF16863-75D9-414B-A155-9268B77E7D8D}.Debug|Any CPU.Build.0 = Debug|Any CPU
		{AAF16863-75D9-414B-A155-9268B77E7D8D}.Release|Any CPU.ActiveCfg = Release|Any CPU
		{AAF16863-75D9-414B-A155-9268B77E7D8D}.Release|Any CPU.Build.0 = Release|Any CPU
		{267347F2-2BB5-4B50-A330-825A22FECE14}.Debug|Any CPU.ActiveCfg = Debug|Any CPU
		{267347F2-2BB5-4B50-A330-825A22FECE14}.Debug|Any CPU.Build.0 = Debug|Any CPU
		{267347F2-2BB5-4B50-A330-825A22FECE14}.Release|Any CPU.ActiveCfg = Release|Any CPU
		{267347F2-2BB5-4B50-A330-825A22FECE14}.Release|Any CPU.Build.0 = Release|Any CPU
	EndGlobalSection
	GlobalSection(SolutionProperties) = preSolution
		HideSolutionNode = FALSE
	EndGlobalSection
EndGlobal
